
Microsoft Visual Studio Solution File, Format Version 12.00
# Visual Studio Version 17
VisualStudioVersion = 17.3.32929.385
MinimumVisualStudioVersion = 10.0.40219.1
Project("{888888A0-9F3D-457C-B088-3A5042F75D52}") = "py_youtube_to_text", "py_youtube_to_text\py_youtube_to_text.pyproj", "{3AB1D790-8B96-4138-B606-0EDD1B51F2CB}"
EndProject
Global
	GlobalSection(SolutionConfigurationPlatforms) = preSolution
		Debug|Any CPU = Debug|Any CPU
		Release|Any CPU = Release|Any CPU
	EndGlobalSection
	GlobalSection(ProjectConfigurationPlatforms) = postSolution
		{3AB1D790-8B96-4138-B606-0EDD1B51F2CB}.Debug|Any CPU.ActiveCfg = Debug|Any CPU
		{3AB1D790-8B96-4138-B606-0EDD1B51F2CB}.Release|Any CPU.ActiveCfg = Release|Any CPU
	EndGlobalSection
	GlobalSection(SolutionProperties) = preSolution
		HideSolutionNode = FALSE
	EndGlobalSection
	GlobalSection(ExtensibilityGlobals) = postSolution
		SolutionGuid = {714177EF-4B3E-4931-8E61-52B1846413F6}
	EndGlobalSection
EndGlobal
